// !$*UTF8*$!
{
	archiveVersion = 1;
	classes = {
	};
	objectVersion = 56;
	objects = {

/* Begin PBXBuildFile section */
		8A5E02842A8D2DEC00F73CAD /* SwiftCastTests.swift in Sources */ = {isa = PBXBuildFile; fileRef = 8A5E02832A8D2DEC00F73CAD /* SwiftCastTests.swift */; };
		8A5E028E2A8D2DEC00F73CAD /* SwiftCastUITests.swift in Sources */ = {isa = PBXBuildFile; fileRef = 8A5E028D2A8D2DEC00F73CAD /* SwiftCastUITests.swift */; };
		8A5E02902A8D2DEC00F73CAD /* SwiftCastUITestsLaunchTests.swift in Sources */ = {isa = PBXBuildFile; fileRef = 8A5E028F2A8D2DEC00F73CAD /* SwiftCastUITestsLaunchTests.swift */; };
		8A5E02CD2A8D2E0400F73CAD /* SwiftCastApp.swift in Sources */ = {isa = PBXBuildFile; fileRef = 8A5E029D2A8D2E0300F73CAD /* SwiftCastApp.swift */; };
		8A5E02CE2A8D2E0400F73CAD /* StatusBarController.swift in Sources */ = {isa = PBXBuildFile; fileRef = 8A5E029E2A8D2E0300F73CAD /* StatusBarController.swift */; };
		8A5E02CF2A8D2E0400F73CAD /* AppDelegate.swift in Sources */ = {isa = PBXBuildFile; fileRef = 8A5E029F2A8D2E0300F73CAD /* AppDelegate.swift */; };
		8A5E02D02A8D2E0400F73CAD /* Assets.xcassets in Resources */ = {isa = PBXBuildFile; fileRef = 8A5E02A12A8D2E0400F73CAD /* Assets.xcassets */; };
		8A5E02D22A8D2E0400F73CAD /* AppManager.swift in Sources */ = {isa = PBXBuildFile; fileRef = 8A5E02A42A8D2E0400F73CAD /* AppManager.swift */; };
		8A5E02D32A8D2E0400F73CAD /* SwiftCastFileManager.swift in Sources */ = {isa = PBXBuildFile; fileRef = 8A5E02A52A8D2E0400F73CAD /* SwiftCastFileManager.swift */; };
		8A5E02D42A8D2E0400F73CAD /* CameraRecordManager.swift in Sources */ = {isa = PBXBuildFile; fileRef = 8A5E02A62A8D2E0400F73CAD /* CameraRecordManager.swift */; };
		8A5E02D52A8D2E0400F73CAD /* SwiftCastCacheManager.swift in Sources */ = {isa = PBXBuildFile; fileRef = 8A5E02A72A8D2E0400F73CAD /* SwiftCastCacheManager.swift */; };
		8A5E02D62A8D2E0400F73CAD /* ScreenRecordManager.swift in Sources */ = {isa = PBXBuildFile; fileRef = 8A5E02A82A8D2E0400F73CAD /* ScreenRecordManager.swift */; };
		8A5E02D72A8D2E0400F73CAD /* RecordingViewModel.swift in Sources */ = {isa = PBXBuildFile; fileRef = 8A5E02AC2A8D2E0400F73CAD /* RecordingViewModel.swift */; };
		8A5E02D82A8D2E0400F73CAD /* RecordingView.swift in Sources */ = {isa = PBXBuildFile; fileRef = 8A5E02AE2A8D2E0400F73CAD /* RecordingView.swift */; };
		8A5E02D92A8D2E0400F73CAD /* SuccessRecordingView.swift in Sources */ = {isa = PBXBuildFile; fileRef = 8A5E02AF2A8D2E0400F73CAD /* SuccessRecordingView.swift */; };
		8A5E02DA2A8D2E0400F73CAD /* LoginView.swift in Sources */ = {isa = PBXBuildFile; fileRef = 8A5E02B22A8D2E0400F73CAD /* LoginView.swift */; };
		8A5E02DB2A8D2E0400F73CAD /* BaseView.swift in Sources */ = {isa = PBXBuildFile; fileRef = 8A5E02B52A8D2E0400F73CAD /* BaseView.swift */; };
		8A5E02DC2A8D2E0400F73CAD /* BaseViewModel.swift in Sources */ = {isa = PBXBuildFile; fileRef = 8A5E02B72A8D2E0400F73CAD /* BaseViewModel.swift */; };
		8A5E02DD2A8D2E0400F73CAD /* SwiftCastButton.swift in Sources */ = {isa = PBXBuildFile; fileRef = 8A5E02BA2A8D2E0400F73CAD /* SwiftCastButton.swift */; };
		8A5E02DE2A8D2E0400F73CAD /* MenuButtonView.swift in Sources */ = {isa = PBXBuildFile; fileRef = 8A5E02BB2A8D2E0400F73CAD /* MenuButtonView.swift */; };
		8A5E02DF2A8D2E0400F73CAD /* HeaderBadge.swift in Sources */ = {isa = PBXBuildFile; fileRef = 8A5E02BC2A8D2E0400F73CAD /* HeaderBadge.swift */; };
		8A5E02E02A8D2E0400F73CAD /* CameraView.swift in Sources */ = {isa = PBXBuildFile; fileRef = 8A5E02BD2A8D2E0400F73CAD /* CameraView.swift */; };
		8A5E02E12A8D2E0400F73CAD /* MenuView.swift in Sources */ = {isa = PBXBuildFile; fileRef = 8A5E02BE2A8D2E0400F73CAD /* MenuView.swift */; };
		8A5E02E22A8D2E0400F73CAD /* CaptureView.swift in Sources */ = {isa = PBXBuildFile; fileRef = 8A5E02BF2A8D2E0400F73CAD /* CaptureView.swift */; };
		8A5E02E32A8D2E0400F73CAD /* FloatingViewModifier.swift in Sources */ = {isa = PBXBuildFile; fileRef = 8A5E02C12A8D2E0400F73CAD /* FloatingViewModifier.swift */; };
		8A5E02E42A8D2E0400F73CAD /* MaterialViewModifier.swift in Sources */ = {isa = PBXBuildFile; fileRef = 8A5E02C22A8D2E0400F73CAD /* MaterialViewModifier.swift */; };
		8A5E02E52A8D2E0400F73CAD /* LoadingViewModifier.swift in Sources */ = {isa = PBXBuildFile; fileRef = 8A5E02C32A8D2E0400F73CAD /* LoadingViewModifier.swift */; };
		8A5E02E62A8D2E0400F73CAD /* APIRequestService.swift in Sources */ = {isa = PBXBuildFile; fileRef = 8A5E02C62A8D2E0400F73CAD /* APIRequestService.swift */; };
		8A5E02E72A8D2E0400F73CAD /* APIQueueService.swift in Sources */ = {isa = PBXBuildFile; fileRef = 8A5E02C72A8D2E0400F73CAD /* APIQueueService.swift */; };
		8A5E02E82A8D2E0400F73CAD /* Int.swift in Sources */ = {isa = PBXBuildFile; fileRef = 8A5E02C92A8D2E0400F73CAD /* Int.swift */; };
		8A5E02E92A8D2E0400F73CAD /* MultipartForm.swift in Sources */ = {isa = PBXBuildFile; fileRef = 8A5E02CB2A8D2E0400F73CAD /* MultipartForm.swift */; };
		8A5E02EA2A8D2E0400F73CAD /* InternetConnection.swift in Sources */ = {isa = PBXBuildFile; fileRef = 8A5E02CC2A8D2E0400F73CAD /* InternetConnection.swift */; };
		8AE6B3A12A8D3105007E4B29 /* Error.swift in Sources */ = {isa = PBXBuildFile; fileRef = 8AE6B3A02A8D3105007E4B29 /* Error.swift */; };
/* End PBXBuildFile section */

/* Begin PBXContainerItemProxy section */
		8A5E02802A8D2DEC00F73CAD /* PBXContainerItemProxy */ = {
			isa = PBXContainerItemProxy;
			containerPortal = 8A5E02662A8D2DEC00F73CAD /* Project object */;
			proxyType = 1;
			remoteGlobalIDString = 8A5E026D2A8D2DEC00F73CAD;
			remoteInfo = SwiftCast;
		};
		8A5E028A2A8D2DEC00F73CAD /* PBXContainerItemProxy */ = {
			isa = PBXContainerItemProxy;
			containerPortal = 8A5E02662A8D2DEC00F73CAD /* Project object */;
			proxyType = 1;
			remoteGlobalIDString = 8A5E026D2A8D2DEC00F73CAD;
			remoteInfo = SwiftCast;
		};
/* End PBXContainerItemProxy section */

/* Begin PBXFileReference section */
		8A5E026E2A8D2DEC00F73CAD /* SwiftCast.app */ = {isa = PBXFileReference; explicitFileType = wrapper.application; includeInIndex = 0; path = SwiftCast.app; sourceTree = BUILT_PRODUCTS_DIR; };
		8A5E027F2A8D2DEC00F73CAD /* SwiftCastTests.xctest */ = {isa = PBXFileReference; explicitFileType = wrapper.cfbundle; includeInIndex = 0; path = SwiftCastTests.xctest; sourceTree = BUILT_PRODUCTS_DIR; };
		8A5E02832A8D2DEC00F73CAD /* SwiftCastTests.swift */ = {isa = PBXFileReference; lastKnownFileType = sourcecode.swift; path = SwiftCastTests.swift; sourceTree = "<group>"; };
		8A5E02892A8D2DEC00F73CAD /* SwiftCastUITests.xctest */ = {isa = PBXFileReference; explicitFileType = wrapper.cfbundle; includeInIndex = 0; path = SwiftCastUITests.xctest; sourceTree = BUILT_PRODUCTS_DIR; };
		8A5E028D2A8D2DEC00F73CAD /* SwiftCastUITests.swift */ = {isa = PBXFileReference; lastKnownFileType = sourcecode.swift; path = SwiftCastUITests.swift; sourceTree = "<group>"; };
		8A5E028F2A8D2DEC00F73CAD /* SwiftCastUITestsLaunchTests.swift */ = {isa = PBXFileReference; lastKnownFileType = sourcecode.swift; path = SwiftCastUITestsLaunchTests.swift; sourceTree = "<group>"; };
		8A5E029D2A8D2E0300F73CAD /* SwiftCastApp.swift */ = {isa = PBXFileReference; fileEncoding = 4; lastKnownFileType = sourcecode.swift; path = SwiftCastApp.swift; sourceTree = "<group>"; };
		8A5E029E2A8D2E0300F73CAD /* StatusBarController.swift */ = {isa = PBXFileReference; fileEncoding = 4; lastKnownFileType = sourcecode.swift; path = StatusBarController.swift; sourceTree = "<group>"; };
		8A5E029F2A8D2E0300F73CAD /* AppDelegate.swift */ = {isa = PBXFileReference; fileEncoding = 4; lastKnownFileType = sourcecode.swift; path = AppDelegate.swift; sourceTree = "<group>"; };
		8A5E02A12A8D2E0400F73CAD /* Assets.xcassets */ = {isa = PBXFileReference; lastKnownFileType = folder.assetcatalog; path = Assets.xcassets; sourceTree = "<group>"; };
		8A5E02A42A8D2E0400F73CAD /* AppManager.swift */ = {isa = PBXFileReference; fileEncoding = 4; lastKnownFileType = sourcecode.swift; path = AppManager.swift; sourceTree = "<group>"; };
		8A5E02A52A8D2E0400F73CAD /* SwiftCastFileManager.swift */ = {isa = PBXFileReference; fileEncoding = 4; lastKnownFileType = sourcecode.swift; path = SwiftCastFileManager.swift; sourceTree = "<group>"; };
		8A5E02A62A8D2E0400F73CAD /* CameraRecordManager.swift */ = {isa = PBXFileReference; fileEncoding = 4; lastKnownFileType = sourcecode.swift; path = CameraRecordManager.swift; sourceTree = "<group>"; };
		8A5E02A72A8D2E0400F73CAD /* SwiftCastCacheManager.swift */ = {isa = PBXFileReference; fileEncoding = 4; lastKnownFileType = sourcecode.swift; path = SwiftCastCacheManager.swift; sourceTree = "<group>"; };
		8A5E02A82A8D2E0400F73CAD /* ScreenRecordManager.swift */ = {isa = PBXFileReference; fileEncoding = 4; lastKnownFileType = sourcecode.swift; path = ScreenRecordManager.swift; sourceTree = "<group>"; };
		8A5E02AC2A8D2E0400F73CAD /* RecordingViewModel.swift */ = {isa = PBXFileReference; fileEncoding = 4; lastKnownFileType = sourcecode.swift; path = RecordingViewModel.swift; sourceTree = "<group>"; };
		8A5E02AE2A8D2E0400F73CAD /* RecordingView.swift */ = {isa = PBXFileReference; fileEncoding = 4; lastKnownFileType = sourcecode.swift; path = RecordingView.swift; sourceTree = "<group>"; };
		8A5E02AF2A8D2E0400F73CAD /* SuccessRecordingView.swift */ = {isa = PBXFileReference; fileEncoding = 4; lastKnownFileType = sourcecode.swift; path = SuccessRecordingView.swift; sourceTree = "<group>"; };
		8A5E02B22A8D2E0400F73CAD /* LoginView.swift */ = {isa = PBXFileReference; fileEncoding = 4; lastKnownFileType = sourcecode.swift; path = LoginView.swift; sourceTree = "<group>"; };
		8A5E02B52A8D2E0400F73CAD /* BaseView.swift */ = {isa = PBXFileReference; fileEncoding = 4; lastKnownFileType = sourcecode.swift; path = BaseView.swift; sourceTree = "<group>"; };
		8A5E02B72A8D2E0400F73CAD /* BaseViewModel.swift */ = {isa = PBXFileReference; fileEncoding = 4; lastKnownFileType = sourcecode.swift; path = BaseViewModel.swift; sourceTree = "<group>"; };
		8A5E02BA2A8D2E0400F73CAD /* SwiftCastButton.swift */ = {isa = PBXFileReference; fileEncoding = 4; lastKnownFileType = sourcecode.swift; path = SwiftCastButton.swift; sourceTree = "<group>"; };
		8A5E02BB2A8D2E0400F73CAD /* MenuButtonView.swift */ = {isa = PBXFileReference; fileEncoding = 4; lastKnownFileType = sourcecode.swift; path = MenuButtonView.swift; sourceTree = "<group>"; };
		8A5E02BC2A8D2E0400F73CAD /* HeaderBadge.swift */ = {isa = PBXFileReference; fileEncoding = 4; lastKnownFileType = sourcecode.swift; path = HeaderBadge.swift; sourceTree = "<group>"; };
		8A5E02BD2A8D2E0400F73CAD /* CameraView.swift */ = {isa = PBXFileReference; fileEncoding = 4; lastKnownFileType = sourcecode.swift; path = CameraView.swift; sourceTree = "<group>"; };
		8A5E02BE2A8D2E0400F73CAD /* MenuView.swift */ = {isa = PBXFileReference; fileEncoding = 4; lastKnownFileType = sourcecode.swift; path = MenuView.swift; sourceTree = "<group>"; };
		8A5E02BF2A8D2E0400F73CAD /* CaptureView.swift */ = {isa = PBXFileReference; fileEncoding = 4; lastKnownFileType = sourcecode.swift; path = CaptureView.swift; sourceTree = "<group>"; };
		8A5E02C12A8D2E0400F73CAD /* FloatingViewModifier.swift */ = {isa = PBXFileReference; fileEncoding = 4; lastKnownFileType = sourcecode.swift; path = FloatingViewModifier.swift; sourceTree = "<group>"; };
		8A5E02C22A8D2E0400F73CAD /* MaterialViewModifier.swift */ = {isa = PBXFileReference; fileEncoding = 4; lastKnownFileType = sourcecode.swift; path = MaterialViewModifier.swift; sourceTree = "<group>"; };
		8A5E02C32A8D2E0400F73CAD /* LoadingViewModifier.swift */ = {isa = PBXFileReference; fileEncoding = 4; lastKnownFileType = sourcecode.swift; path = LoadingViewModifier.swift; sourceTree = "<group>"; };
		8A5E02C42A8D2E0400F73CAD /* SwiftCast.entitlements */ = {isa = PBXFileReference; fileEncoding = 4; lastKnownFileType = text.plist.entitlements; path = SwiftCast.entitlements; sourceTree = "<group>"; };
		8A5E02C62A8D2E0400F73CAD /* APIRequestService.swift */ = {isa = PBXFileReference; fileEncoding = 4; lastKnownFileType = sourcecode.swift; path = APIRequestService.swift; sourceTree = "<group>"; };
		8A5E02C72A8D2E0400F73CAD /* APIQueueService.swift */ = {isa = PBXFileReference; fileEncoding = 4; lastKnownFileType = sourcecode.swift; path = APIQueueService.swift; sourceTree = "<group>"; };
		8A5E02C92A8D2E0400F73CAD /* Int.swift */ = {isa = PBXFileReference; fileEncoding = 4; lastKnownFileType = sourcecode.swift; path = Int.swift; sourceTree = "<group>"; };
		8A5E02CB2A8D2E0400F73CAD /* MultipartForm.swift */ = {isa = PBXFileReference; fileEncoding = 4; lastKnownFileType = sourcecode.swift; path = MultipartForm.swift; sourceTree = "<group>"; };
		8A5E02CC2A8D2E0400F73CAD /* InternetConnection.swift */ = {isa = PBXFileReference; fileEncoding = 4; lastKnownFileType = sourcecode.swift; path = InternetConnection.swift; sourceTree = "<group>"; };
		8AE6B3A02A8D3105007E4B29 /* Error.swift */ = {isa = PBXFileReference; lastKnownFileType = sourcecode.swift; path = Error.swift; sourceTree = "<group>"; };
/* End PBXFileReference section */

/* Begin PBXFrameworksBuildPhase section */
		8A5E026B2A8D2DEC00F73CAD /* Frameworks */ = {
			isa = PBXFrameworksBuildPhase;
			buildActionMask = 2147483647;
			files = (
			);
			runOnlyForDeploymentPostprocessing = 0;
		};
		8A5E027C2A8D2DEC00F73CAD /* Frameworks */ = {
			isa = PBXFrameworksBuildPhase;
			buildActionMask = 2147483647;
			files = (
			);
			runOnlyForDeploymentPostprocessing = 0;
		};
		8A5E02862A8D2DEC00F73CAD /* Frameworks */ = {
			isa = PBXFrameworksBuildPhase;
			buildActionMask = 2147483647;
			files = (
			);
			runOnlyForDeploymentPostprocessing = 0;
		};
/* End PBXFrameworksBuildPhase section */

/* Begin PBXGroup section */
		8A5E02652A8D2DEC00F73CAD = {
			isa = PBXGroup;
			children = (
				8A5E02702A8D2DEC00F73CAD /* SwiftCast */,
				8A5E02822A8D2DEC00F73CAD /* SwiftCastTests */,
				8A5E028C2A8D2DEC00F73CAD /* SwiftCastUITests */,
				8A5E026F2A8D2DEC00F73CAD /* Products */,
			);
			sourceTree = "<group>";
		};
		8A5E026F2A8D2DEC00F73CAD /* Products */ = {
			isa = PBXGroup;
			children = (
				8A5E026E2A8D2DEC00F73CAD /* SwiftCast.app */,
				8A5E027F2A8D2DEC00F73CAD /* SwiftCastTests.xctest */,
				8A5E02892A8D2DEC00F73CAD /* SwiftCastUITests.xctest */,
			);
			name = Products;
			sourceTree = "<group>";
		};
		8A5E02702A8D2DEC00F73CAD /* SwiftCast */ = {
			isa = PBXGroup;
			children = (
				8A5E029C2A8D2E0300F73CAD /* App */,
				8A5E02B82A8D2E0400F73CAD /* Components */,
				8A5E02C82A8D2E0400F73CAD /* Extensions */,
				8A5E02A32A8D2E0400F73CAD /* Managers */,
				8A5E02A02A8D2E0400F73CAD /* Resources */,
				8A5E02CA2A8D2E0400F73CAD /* Utilities */,
				8A5E02A92A8D2E0400F73CAD /* Screens */,
				8A5E02C52A8D2E0400F73CAD /* Services */,
				8A5E02C42A8D2E0400F73CAD /* SwiftCast.entitlements */,
			);
			path = SwiftCast;
			sourceTree = "<group>";
		};
		8A5E02822A8D2DEC00F73CAD /* SwiftCastTests */ = {
			isa = PBXGroup;
			children = (
				8A5E02832A8D2DEC00F73CAD /* SwiftCastTests.swift */,
			);
			path = SwiftCastTests;
			sourceTree = "<group>";
		};
		8A5E028C2A8D2DEC00F73CAD /* SwiftCastUITests */ = {
			isa = PBXGroup;
			children = (
				8A5E028D2A8D2DEC00F73CAD /* SwiftCastUITests.swift */,
				8A5E028F2A8D2DEC00F73CAD /* SwiftCastUITestsLaunchTests.swift */,
			);
			path = SwiftCastUITests;
			sourceTree = "<group>";
		};
		8A5E029C2A8D2E0300F73CAD /* App */ = {
			isa = PBXGroup;
			children = (
				8A5E029D2A8D2E0300F73CAD /* SwiftCastApp.swift */,
				8A5E029E2A8D2E0300F73CAD /* StatusBarController.swift */,
				8A5E029F2A8D2E0300F73CAD /* AppDelegate.swift */,
			);
			path = App;
			sourceTree = "<group>";
		};
		8A5E02A02A8D2E0400F73CAD /* Resources */ = {
			isa = PBXGroup;
			children = (
				8A5E02A12A8D2E0400F73CAD /* Assets.xcassets */,
			);
			path = Resources;
			sourceTree = "<group>";
		};
		8A5E02A32A8D2E0400F73CAD /* Managers */ = {
			isa = PBXGroup;
			children = (
				8A5E02A42A8D2E0400F73CAD /* AppManager.swift */,
				8A5E02A52A8D2E0400F73CAD /* SwiftCastFileManager.swift */,
				8A5E02A62A8D2E0400F73CAD /* CameraRecordManager.swift */,
				8A5E02A72A8D2E0400F73CAD /* SwiftCastCacheManager.swift */,
				8A5E02A82A8D2E0400F73CAD /* ScreenRecordManager.swift */,
			);
			path = Managers;
			sourceTree = "<group>";
		};
		8A5E02A92A8D2E0400F73CAD /* Screens */ = {
			isa = PBXGroup;
			children = (
				8A5E02AA2A8D2E0400F73CAD /* Recording */,
				8A5E02B02A8D2E0400F73CAD /* Login */,
				8A5E02B32A8D2E0400F73CAD /* Base */,
			);
			path = Screens;
			sourceTree = "<group>";
		};
		8A5E02AA2A8D2E0400F73CAD /* Recording */ = {
			isa = PBXGroup;
			children = (
				8A5E02AB2A8D2E0400F73CAD /* ViewModel */,
				8A5E02AD2A8D2E0400F73CAD /* View */,
			);
			path = Recording;
			sourceTree = "<group>";
		};
		8A5E02AB2A8D2E0400F73CAD /* ViewModel */ = {
			isa = PBXGroup;
			children = (
				8A5E02AC2A8D2E0400F73CAD /* RecordingViewModel.swift */,
			);
			path = ViewModel;
			sourceTree = "<group>";
		};
		8A5E02AD2A8D2E0400F73CAD /* View */ = {
			isa = PBXGroup;
			children = (
				8A5E02AE2A8D2E0400F73CAD /* RecordingView.swift */,
				8A5E02AF2A8D2E0400F73CAD /* SuccessRecordingView.swift */,
			);
			path = View;
			sourceTree = "<group>";
		};
		8A5E02B02A8D2E0400F73CAD /* Login */ = {
			isa = PBXGroup;
			children = (
				8A5E02B12A8D2E0400F73CAD /* View */,
			);
			path = Login;
			sourceTree = "<group>";
		};
		8A5E02B12A8D2E0400F73CAD /* View */ = {
			isa = PBXGroup;
			children = (
				8A5E02B22A8D2E0400F73CAD /* LoginView.swift */,
			);
			path = View;
			sourceTree = "<group>";
		};
		8A5E02B32A8D2E0400F73CAD /* Base */ = {
			isa = PBXGroup;
			children = (
				8A5E02B42A8D2E0400F73CAD /* BaseView */,
				8A5E02B62A8D2E0400F73CAD /* BaseViewModel */,
			);
			path = Base;
			sourceTree = "<group>";
		};
		8A5E02B42A8D2E0400F73CAD /* BaseView */ = {
			isa = PBXGroup;
			children = (
				8A5E02B52A8D2E0400F73CAD /* BaseView.swift */,
			);
			path = BaseView;
			sourceTree = "<group>";
		};
		8A5E02B62A8D2E0400F73CAD /* BaseViewModel */ = {
			isa = PBXGroup;
			children = (
				8A5E02B72A8D2E0400F73CAD /* BaseViewModel.swift */,
			);
			path = BaseViewModel;
			sourceTree = "<group>";
		};
		8A5E02B82A8D2E0400F73CAD /* Components */ = {
			isa = PBXGroup;
			children = (
				8A5E02B92A8D2E0400F73CAD /* Views */,
				8A5E02C02A8D2E0400F73CAD /* ViewModifiers */,
			);
			path = Components;
			sourceTree = "<group>";
		};
		8A5E02B92A8D2E0400F73CAD /* Views */ = {
			isa = PBXGroup;
			children = (
				8A5E02BA2A8D2E0400F73CAD /* SwiftCastButton.swift */,
				8A5E02BB2A8D2E0400F73CAD /* MenuButtonView.swift */,
				8A5E02BC2A8D2E0400F73CAD /* HeaderBadge.swift */,
				8A5E02BD2A8D2E0400F73CAD /* CameraView.swift */,
				8A5E02BE2A8D2E0400F73CAD /* MenuView.swift */,
				8A5E02BF2A8D2E0400F73CAD /* CaptureView.swift */,
			);
			path = Views;
			sourceTree = "<group>";
		};
		8A5E02C02A8D2E0400F73CAD /* ViewModifiers */ = {
			isa = PBXGroup;
			children = (
				8A5E02C12A8D2E0400F73CAD /* FloatingViewModifier.swift */,
				8A5E02C22A8D2E0400F73CAD /* MaterialViewModifier.swift */,
				8A5E02C32A8D2E0400F73CAD /* LoadingViewModifier.swift */,
			);
			path = ViewModifiers;
			sourceTree = "<group>";
		};
		8A5E02C52A8D2E0400F73CAD /* Services */ = {
			isa = PBXGroup;
			children = (
				8A5E02C62A8D2E0400F73CAD /* APIRequestService.swift */,
				8A5E02C72A8D2E0400F73CAD /* APIQueueService.swift */,
			);
			path = Services;
			sourceTree = "<group>";
		};
		8A5E02C82A8D2E0400F73CAD /* Extensions */ = {
			isa = PBXGroup;
			children = (
				8A5E02C92A8D2E0400F73CAD /* Int.swift */,
				8AE6B3A02A8D3105007E4B29 /* Error.swift */,
			);
			path = Extensions;
			sourceTree = "<group>";
		};
		8A5E02CA2A8D2E0400F73CAD /* Utilities */ = {
			isa = PBXGroup;
			children = (
				8A5E02CB2A8D2E0400F73CAD /* MultipartForm.swift */,
				8A5E02CC2A8D2E0400F73CAD /* InternetConnection.swift */,
			);
			path = Utilities;
			sourceTree = "<group>";
		};
/* End PBXGroup section */

/* Begin PBXNativeTarget section */
		8A5E026D2A8D2DEC00F73CAD /* SwiftCast */ = {
			isa = PBXNativeTarget;
			buildConfigurationList = 8A5E02932A8D2DEC00F73CAD /* Build configuration list for PBXNativeTarget "SwiftCast" */;
			buildPhases = (
				8A5E026A2A8D2DEC00F73CAD /* Sources */,
				8A5E026B2A8D2DEC00F73CAD /* Frameworks */,
				8A5E026C2A8D2DEC00F73CAD /* Resources */,
			);
			buildRules = (
			);
			dependencies = (
			);
			name = SwiftCast;
			productName = SwiftCast;
			productReference = 8A5E026E2A8D2DEC00F73CAD /* SwiftCast.app */;
			productType = "com.apple.product-type.application";
		};
		8A5E027E2A8D2DEC00F73CAD /* SwiftCastTests */ = {
			isa = PBXNativeTarget;
			buildConfigurationList = 8A5E02962A8D2DEC00F73CAD /* Build configuration list for PBXNativeTarget "SwiftCastTests" */;
			buildPhases = (
				8A5E027B2A8D2DEC00F73CAD /* Sources */,
				8A5E027C2A8D2DEC00F73CAD /* Frameworks */,
				8A5E027D2A8D2DEC00F73CAD /* Resources */,
			);
			buildRules = (
			);
			dependencies = (
				8A5E02812A8D2DEC00F73CAD /* PBXTargetDependency */,
			);
			name = SwiftCastTests;
			productName = SwiftCastTests;
			productReference = 8A5E027F2A8D2DEC00F73CAD /* SwiftCastTests.xctest */;
			productType = "com.apple.product-type.bundle.unit-test";
		};
		8A5E02882A8D2DEC00F73CAD /* SwiftCastUITests */ = {
			isa = PBXNativeTarget;
			buildConfigurationList = 8A5E02992A8D2DEC00F73CAD /* Build configuration list for PBXNativeTarget "SwiftCastUITests" */;
			buildPhases = (
				8A5E02852A8D2DEC00F73CAD /* Sources */,
				8A5E02862A8D2DEC00F73CAD /* Frameworks */,
				8A5E02872A8D2DEC00F73CAD /* Resources */,
			);
			buildRules = (
			);
			dependencies = (
				8A5E028B2A8D2DEC00F73CAD /* PBXTargetDependency */,
			);
			name = SwiftCastUITests;
			productName = SwiftCastUITests;
			productReference = 8A5E02892A8D2DEC00F73CAD /* SwiftCastUITests.xctest */;
			productType = "com.apple.product-type.bundle.ui-testing";
		};
/* End PBXNativeTarget section */

/* Begin PBXProject section */
		8A5E02662A8D2DEC00F73CAD /* Project object */ = {
			isa = PBXProject;
			attributes = {
				BuildIndependentTargetsInParallel = 1;
				LastSwiftUpdateCheck = 1430;
				LastUpgradeCheck = 1430;
				TargetAttributes = {
					8A5E026D2A8D2DEC00F73CAD = {
						CreatedOnToolsVersion = 14.3.1;
					};
					8A5E027E2A8D2DEC00F73CAD = {
						CreatedOnToolsVersion = 14.3.1;
						TestTargetID = 8A5E026D2A8D2DEC00F73CAD;
					};
					8A5E02882A8D2DEC00F73CAD = {
						CreatedOnToolsVersion = 14.3.1;
						TestTargetID = 8A5E026D2A8D2DEC00F73CAD;
					};
				};
			};
			buildConfigurationList = 8A5E02692A8D2DEC00F73CAD /* Build configuration list for PBXProject "SwiftCast" */;
			compatibilityVersion = "Xcode 14.0";
			developmentRegion = en;
			hasScannedForEncodings = 0;
			knownRegions = (
				en,
				Base,
			);
			mainGroup = 8A5E02652A8D2DEC00F73CAD;
			productRefGroup = 8A5E026F2A8D2DEC00F73CAD /* Products */;
			projectDirPath = "";
			projectRoot = "";
			targets = (
				8A5E026D2A8D2DEC00F73CAD /* SwiftCast */,
				8A5E027E2A8D2DEC00F73CAD /* SwiftCastTests */,
				8A5E02882A8D2DEC00F73CAD /* SwiftCastUITests */,
			);
		};
/* End PBXProject section */

/* Begin PBXResourcesBuildPhase section */
		8A5E026C2A8D2DEC00F73CAD /* Resources */ = {
			isa = PBXResourcesBuildPhase;
			buildActionMask = 2147483647;
			files = (
				8A5E02D02A8D2E0400F73CAD /* Assets.xcassets in Resources */,
			);
			runOnlyForDeploymentPostprocessing = 0;
		};
		8A5E027D2A8D2DEC00F73CAD /* Resources */ = {
			isa = PBXResourcesBuildPhase;
			buildActionMask = 2147483647;
			files = (
			);
			runOnlyForDeploymentPostprocessing = 0;
		};
		8A5E02872A8D2DEC00F73CAD /* Resources */ = {
			isa = PBXResourcesBuildPhase;
			buildActionMask = 2147483647;
			files = (
			);
			runOnlyForDeploymentPostprocessing = 0;
		};
/* End PBXResourcesBuildPhase section */

/* Begin PBXSourcesBuildPhase section */
		8A5E026A2A8D2DEC00F73CAD /* Sources */ = {
			isa = PBXSourcesBuildPhase;
			buildActionMask = 2147483647;
			files = (
				8A5E02D92A8D2E0400F73CAD /* SuccessRecordingView.swift in Sources */,
				8A5E02E82A8D2E0400F73CAD /* Int.swift in Sources */,
				8A5E02DB2A8D2E0400F73CAD /* BaseView.swift in Sources */,
				8A5E02E92A8D2E0400F73CAD /* MultipartForm.swift in Sources */,
				8A5E02E42A8D2E0400F73CAD /* MaterialViewModifier.swift in Sources */,
				8A5E02CF2A8D2E0400F73CAD /* AppDelegate.swift in Sources */,
				8A5E02E72A8D2E0400F73CAD /* APIQueueService.swift in Sources */,
				8A5E02E12A8D2E0400F73CAD /* MenuView.swift in Sources */,
				8A5E02E02A8D2E0400F73CAD /* CameraView.swift in Sources */,
				8A5E02DC2A8D2E0400F73CAD /* BaseViewModel.swift in Sources */,
				8A5E02E52A8D2E0400F73CAD /* LoadingViewModifier.swift in Sources */,
				8A5E02D72A8D2E0400F73CAD /* RecordingViewModel.swift in Sources */,
				8A5E02EA2A8D2E0400F73CAD /* InternetConnection.swift in Sources */,
				8A5E02D42A8D2E0400F73CAD /* CameraRecordManager.swift in Sources */,
				8A5E02CD2A8D2E0400F73CAD /* SwiftCastApp.swift in Sources */,
				8A5E02DF2A8D2E0400F73CAD /* HeaderBadge.swift in Sources */,
				8A5E02D32A8D2E0400F73CAD /* SwiftCastFileManager.swift in Sources */,
				8A5E02DA2A8D2E0400F73CAD /* LoginView.swift in Sources */,
				8A5E02E62A8D2E0400F73CAD /* APIRequestService.swift in Sources */,
				8A5E02D52A8D2E0400F73CAD /* SwiftCastCacheManager.swift in Sources */,
				8A5E02D82A8D2E0400F73CAD /* RecordingView.swift in Sources */,
				8AE6B3A12A8D3105007E4B29 /* Error.swift in Sources */,
				8A5E02DE2A8D2E0400F73CAD /* MenuButtonView.swift in Sources */,
				8A5E02CE2A8D2E0400F73CAD /* StatusBarController.swift in Sources */,
				8A5E02D62A8D2E0400F73CAD /* ScreenRecordManager.swift in Sources */,
				8A5E02E32A8D2E0400F73CAD /* FloatingViewModifier.swift in Sources */,
				8A5E02DD2A8D2E0400F73CAD /* SwiftCastButton.swift in Sources */,
				8A5E02D22A8D2E0400F73CAD /* AppManager.swift in Sources */,
				8A5E02E22A8D2E0400F73CAD /* CaptureView.swift in Sources */,
			);
			runOnlyForDeploymentPostprocessing = 0;
		};
		8A5E027B2A8D2DEC00F73CAD /* Sources */ = {
			isa = PBXSourcesBuildPhase;
			buildActionMask = 2147483647;
			files = (
				8A5E02842A8D2DEC00F73CAD /* SwiftCastTests.swift in Sources */,
			);
			runOnlyForDeploymentPostprocessing = 0;
		};
		8A5E02852A8D2DEC00F73CAD /* Sources */ = {
			isa = PBXSourcesBuildPhase;
			buildActionMask = 2147483647;
			files = (
				8A5E028E2A8D2DEC00F73CAD /* SwiftCastUITests.swift in Sources */,
				8A5E02902A8D2DEC00F73CAD /* SwiftCastUITestsLaunchTests.swift in Sources */,
			);
			runOnlyForDeploymentPostprocessing = 0;
		};
/* End PBXSourcesBuildPhase section */

/* Begin PBXTargetDependency section */
		8A5E02812A8D2DEC00F73CAD /* PBXTargetDependency */ = {
			isa = PBXTargetDependency;
			target = 8A5E026D2A8D2DEC00F73CAD /* SwiftCast */;
			targetProxy = 8A5E02802A8D2DEC00F73CAD /* PBXContainerItemProxy */;
		};
		8A5E028B2A8D2DEC00F73CAD /* PBXTargetDependency */ = {
			isa = PBXTargetDependency;
			target = 8A5E026D2A8D2DEC00F73CAD /* SwiftCast */;
			targetProxy = 8A5E028A2A8D2DEC00F73CAD /* PBXContainerItemProxy */;
		};
/* End PBXTargetDependency section */

/* Begin XCBuildConfiguration section */
		8A5E02912A8D2DEC00F73CAD /* Debug */ = {
			isa = XCBuildConfiguration;
			buildSettings = {
				ALWAYS_SEARCH_USER_PATHS = NO;
				CLANG_ANALYZER_NONNULL = YES;
				CLANG_ANALYZER_NUMBER_OBJECT_CONVERSION = YES_AGGRESSIVE;
				CLANG_CXX_LANGUAGE_STANDARD = "gnu++20";
				CLANG_ENABLE_MODULES = YES;
				CLANG_ENABLE_OBJC_ARC = YES;
				CLANG_ENABLE_OBJC_WEAK = YES;
				CLANG_WARN_BLOCK_CAPTURE_AUTORELEASING = YES;
				CLANG_WARN_BOOL_CONVERSION = YES;
				CLANG_WARN_COMMA = YES;
				CLANG_WARN_CONSTANT_CONVERSION = YES;
				CLANG_WARN_DEPRECATED_OBJC_IMPLEMENTATIONS = YES;
				CLANG_WARN_DIRECT_OBJC_ISA_USAGE = YES_ERROR;
				CLANG_WARN_DOCUMENTATION_COMMENTS = YES;
				CLANG_WARN_EMPTY_BODY = YES;
				CLANG_WARN_ENUM_CONVERSION = YES;
				CLANG_WARN_INFINITE_RECURSION = YES;
				CLANG_WARN_INT_CONVERSION = YES;
				CLANG_WARN_NON_LITERAL_NULL_CONVERSION = YES;
				CLANG_WARN_OBJC_IMPLICIT_RETAIN_SELF = YES;
				CLANG_WARN_OBJC_LITERAL_CONVERSION = YES;
				CLANG_WARN_OBJC_ROOT_CLASS = YES_ERROR;
				CLANG_WARN_QUOTED_INCLUDE_IN_FRAMEWORK_HEADER = YES;
				CLANG_WARN_RANGE_LOOP_ANALYSIS = YES;
				CLANG_WARN_STRICT_PROTOTYPES = YES;
				CLANG_WARN_SUSPICIOUS_MOVE = YES;
				CLANG_WARN_UNGUARDED_AVAILABILITY = YES_AGGRESSIVE;
				CLANG_WARN_UNREACHABLE_CODE = YES;
				CLANG_WARN__DUPLICATE_METHOD_MATCH = YES;
				COPY_PHASE_STRIP = NO;
				DEBUG_INFORMATION_FORMAT = dwarf;
				ENABLE_STRICT_OBJC_MSGSEND = YES;
				ENABLE_TESTABILITY = YES;
				GCC_C_LANGUAGE_STANDARD = gnu11;
				GCC_DYNAMIC_NO_PIC = NO;
				GCC_NO_COMMON_BLOCKS = YES;
				GCC_OPTIMIZATION_LEVEL = 0;
				GCC_PREPROCESSOR_DEFINITIONS = (
					"DEBUG=1",
					"$(inherited)",
				);
				GCC_WARN_64_TO_32_BIT_CONVERSION = YES;
				GCC_WARN_ABOUT_RETURN_TYPE = YES_ERROR;
				GCC_WARN_UNDECLARED_SELECTOR = YES;
				GCC_WARN_UNINITIALIZED_AUTOS = YES_AGGRESSIVE;
				GCC_WARN_UNUSED_FUNCTION = YES;
				GCC_WARN_UNUSED_VARIABLE = YES;
				MACOSX_DEPLOYMENT_TARGET = 13.3;
				MTL_ENABLE_DEBUG_INFO = INCLUDE_SOURCE;
				MTL_FAST_MATH = YES;
				ONLY_ACTIVE_ARCH = YES;
				SDKROOT = macosx;
				SWIFT_ACTIVE_COMPILATION_CONDITIONS = DEBUG;
				SWIFT_OPTIMIZATION_LEVEL = "-Onone";
			};
			name = Debug;
		};
		8A5E02922A8D2DEC00F73CAD /* Release */ = {
			isa = XCBuildConfiguration;
			buildSettings = {
				ALWAYS_SEARCH_USER_PATHS = NO;
				CLANG_ANALYZER_NONNULL = YES;
				CLANG_ANALYZER_NUMBER_OBJECT_CONVERSION = YES_AGGRESSIVE;
				CLANG_CXX_LANGUAGE_STANDARD = "gnu++20";
				CLANG_ENABLE_MODULES = YES;
				CLANG_ENABLE_OBJC_ARC = YES;
				CLANG_ENABLE_OBJC_WEAK = YES;
				CLANG_WARN_BLOCK_CAPTURE_AUTORELEASING = YES;
				CLANG_WARN_BOOL_CONVERSION = YES;
				CLANG_WARN_COMMA = YES;
				CLANG_WARN_CONSTANT_CONVERSION = YES;
				CLANG_WARN_DEPRECATED_OBJC_IMPLEMENTATIONS = YES;
				CLANG_WARN_DIRECT_OBJC_ISA_USAGE = YES_ERROR;
				CLANG_WARN_DOCUMENTATION_COMMENTS = YES;
				CLANG_WARN_EMPTY_BODY = YES;
				CLANG_WARN_ENUM_CONVERSION = YES;
				CLANG_WARN_INFINITE_RECURSION = YES;
				CLANG_WARN_INT_CONVERSION = YES;
				CLANG_WARN_NON_LITERAL_NULL_CONVERSION = YES;
				CLANG_WARN_OBJC_IMPLICIT_RETAIN_SELF = YES;
				CLANG_WARN_OBJC_LITERAL_CONVERSION = YES;
				CLANG_WARN_OBJC_ROOT_CLASS = YES_ERROR;
				CLANG_WARN_QUOTED_INCLUDE_IN_FRAMEWORK_HEADER = YES;
				CLANG_WARN_RANGE_LOOP_ANALYSIS = YES;
				CLANG_WARN_STRICT_PROTOTYPES = YES;
				CLANG_WARN_SUSPICIOUS_MOVE = YES;
				CLANG_WARN_UNGUARDED_AVAILABILITY = YES_AGGRESSIVE;
				CLANG_WARN_UNREACHABLE_CODE = YES;
				CLANG_WARN__DUPLICATE_METHOD_MATCH = YES;
				COPY_PHASE_STRIP = NO;
				DEBUG_INFORMATION_FORMAT = "dwarf-with-dsym";
				ENABLE_NS_ASSERTIONS = NO;
				ENABLE_STRICT_OBJC_MSGSEND = YES;
				GCC_C_LANGUAGE_STANDARD = gnu11;
				GCC_NO_COMMON_BLOCKS = YES;
				GCC_WARN_64_TO_32_BIT_CONVERSION = YES;
				GCC_WARN_ABOUT_RETURN_TYPE = YES_ERROR;
				GCC_WARN_UNDECLARED_SELECTOR = YES;
				GCC_WARN_UNINITIALIZED_AUTOS = YES_AGGRESSIVE;
				GCC_WARN_UNUSED_FUNCTION = YES;
				GCC_WARN_UNUSED_VARIABLE = YES;
				MACOSX_DEPLOYMENT_TARGET = 13.3;
				MTL_ENABLE_DEBUG_INFO = NO;
				MTL_FAST_MATH = YES;
				SDKROOT = macosx;
				SWIFT_COMPILATION_MODE = wholemodule;
				SWIFT_OPTIMIZATION_LEVEL = "-O";
			};
			name = Release;
		};
		8A5E02942A8D2DEC00F73CAD /* Debug */ = {
			isa = XCBuildConfiguration;
			buildSettings = {
				ASSETCATALOG_COMPILER_APPICON_NAME = AppIcon;
				ASSETCATALOG_COMPILER_GLOBAL_ACCENT_COLOR_NAME = AccentColor;
				CODE_SIGN_ENTITLEMENTS = SwiftCast/SwiftCast.entitlements;
				CODE_SIGN_STYLE = Automatic;
				COMBINE_HIDPI_IMAGES = YES;
				CURRENT_PROJECT_VERSION = 1;
				DEVELOPMENT_ASSET_PATHS = "";
				DEVELOPMENT_TEAM = N5B9GF7SPN;
				ENABLE_HARDENED_RUNTIME = YES;
				ENABLE_PREVIEWS = YES;
				GENERATE_INFOPLIST_FILE = YES;
				INFOPLIST_KEY_NSCameraUsageDescription = "Swift Cast would like access for the camera";
				INFOPLIST_KEY_NSHumanReadableCopyright = "";
				INFOPLIST_KEY_NSMicrophoneUsageDescription = "Swift Cast would like to access the microphone";
				LD_RUNPATH_SEARCH_PATHS = (
					"$(inherited)",
					"@executable_path/../Frameworks",
				);
				MARKETING_VERSION = 1.0;
				PRODUCT_BUNDLE_IDENTIFIER = com.vncsnts.swiftCast;
				PRODUCT_NAME = "$(TARGET_NAME)";
				SWIFT_EMIT_LOC_STRINGS = YES;
				SWIFT_VERSION = 5.0;
			};
			name = Debug;
		};
		8A5E02952A8D2DEC00F73CAD /* Release */ = {
			isa = XCBuildConfiguration;
			buildSettings = {
				ASSETCATALOG_COMPILER_APPICON_NAME = AppIcon;
				ASSETCATALOG_COMPILER_GLOBAL_ACCENT_COLOR_NAME = AccentColor;
				CODE_SIGN_ENTITLEMENTS = SwiftCast/SwiftCast.entitlements;
				CODE_SIGN_STYLE = Automatic;
				COMBINE_HIDPI_IMAGES = YES;
				CURRENT_PROJECT_VERSION = 1;
				DEVELOPMENT_ASSET_PATHS = "";
				DEVELOPMENT_TEAM = N5B9GF7SPN;
				ENABLE_HARDENED_RUNTIME = YES;
				ENABLE_PREVIEWS = YES;
				GENERATE_INFOPLIST_FILE = YES;
				INFOPLIST_KEY_NSCameraUsageDescription = "Swift Cast would like access for the camera";
				INFOPLIST_KEY_NSHumanReadableCopyright = "";
				INFOPLIST_KEY_NSMicrophoneUsageDescription = "Swift Cast would like to access the microphone";
				LD_RUNPATH_SEARCH_PATHS = (
					"$(inherited)",
					"@executable_path/../Frameworks",
				);
				MARKETING_VERSION = 1.0;
				PRODUCT_BUNDLE_IDENTIFIER = com.vncsnts.swiftCast;
				PRODUCT_NAME = "$(TARGET_NAME)";
				SWIFT_EMIT_LOC_STRINGS = YES;
				SWIFT_VERSION = 5.0;
			};
			name = Release;
		};
		8A5E02972A8D2DEC00F73CAD /* Debug */ = {
			isa = XCBuildConfiguration;
			buildSettings = {
				ALWAYS_EMBED_SWIFT_STANDARD_LIBRARIES = YES;
				BUNDLE_LOADER = "$(TEST_HOST)";
				CODE_SIGN_STYLE = Automatic;
				CURRENT_PROJECT_VERSION = 1;
				DEVELOPMENT_TEAM = N5B9GF7SPN;
				GENERATE_INFOPLIST_FILE = YES;
				MACOSX_DEPLOYMENT_TARGET = 13.3;
				MARKETING_VERSION = 1.0;
				PRODUCT_BUNDLE_IDENTIFIER = com.vncsnts..SwiftCastTests;
				PRODUCT_NAME = "$(TARGET_NAME)";
				SWIFT_EMIT_LOC_STRINGS = NO;
				SWIFT_VERSION = 5.0;
				TEST_HOST = "$(BUILT_PRODUCTS_DIR)/SwiftCast.app/$(BUNDLE_EXECUTABLE_FOLDER_PATH)/SwiftCast";
			};
			name = Debug;
		};
		8A5E02982A8D2DEC00F73CAD /* Release */ = {
			isa = XCBuildConfiguration;
			buildSettings = {
				ALWAYS_EMBED_SWIFT_STANDARD_LIBRARIES = YES;
				BUNDLE_LOADER = "$(TEST_HOST)";
				CODE_SIGN_STYLE = Automatic;
				CURRENT_PROJECT_VERSION = 1;
				DEVELOPMENT_TEAM = N5B9GF7SPN;
				GENERATE_INFOPLIST_FILE = YES;
				MACOSX_DEPLOYMENT_TARGET = 13.3;
				MARKETING_VERSION = 1.0;
				PRODUCT_BUNDLE_IDENTIFIER = com.vncsnts..SwiftCastTests;
				PRODUCT_NAME = "$(TARGET_NAME)";
				SWIFT_EMIT_LOC_STRINGS = NO;
				SWIFT_VERSION = 5.0;
				TEST_HOST = "$(BUILT_PRODUCTS_DIR)/SwiftCast.app/$(BUNDLE_EXECUTABLE_FOLDER_PATH)/SwiftCast";
			};
			name = Release;
		};
		8A5E029A2A8D2DEC00F73CAD /* Debug */ = {
			isa = XCBuildConfiguration;
			buildSettings = {
				ALWAYS_EMBED_SWIFT_STANDARD_LIBRARIES = YES;
				CODE_SIGN_STYLE = Automatic;
				CURRENT_PROJECT_VERSION = 1;
				DEVELOPMENT_TEAM = N5B9GF7SPN;
				GENERATE_INFOPLIST_FILE = YES;
				MARKETING_VERSION = 1.0;
				PRODUCT_BUNDLE_IDENTIFIER = com.vncsnts..SwiftCastUITests;
				PRODUCT_NAME = "$(TARGET_NAME)";
				SWIFT_EMIT_LOC_STRINGS = NO;
				SWIFT_VERSION = 5.0;
				TEST_TARGET_NAME = SwiftCast;
			};
			name = Debug;
		};
		8A5E029B2A8D2DEC00F73CAD /* Release */ = {
			isa = XCBuildConfiguration;
			buildSettings = {
				ALWAYS_EMBED_SWIFT_STANDARD_LIBRARIES = YES;
				CODE_SIGN_STYLE = Automatic;
				CURRENT_PROJECT_VERSION = 1;
				DEVELOPMENT_TEAM = N5B9GF7SPN;
				GENERATE_INFOPLIST_FILE = YES;
				MARKETING_VERSION = 1.0;
				PRODUCT_BUNDLE_IDENTIFIER = com.vncsnts..SwiftCastUITests;
				PRODUCT_NAME = "$(TARGET_NAME)";
				SWIFT_EMIT_LOC_STRINGS = NO;
				SWIFT_VERSION = 5.0;
				TEST_TARGET_NAME = SwiftCast;
			};
			name = Release;
		};
/* End XCBuildConfiguration section */

/* Begin XCConfigurationList section */
		8A5E02692A8D2DEC00F73CAD /* Build configuration list for PBXProject "SwiftCast" */ = {
			isa = XCConfigurationList;
			buildConfigurations = (
				8A5E02912A8D2DEC00F73CAD /* Debug */,
				8A5E02922A8D2DEC00F73CAD /* Release */,
			);
			defaultConfigurationIsVisible = 0;
			defaultConfigurationName = Release;
		};
		8A5E02932A8D2DEC00F73CAD /* Build configuration list for PBXNativeTarget "SwiftCast" */ = {
			isa = XCConfigurationList;
			buildConfigurations = (
				8A5E02942A8D2DEC00F73CAD /* Debug */,
				8A5E02952A8D2DEC00F73CAD /* Release */,
			);
			defaultConfigurationIsVisible = 0;
			defaultConfigurationName = Release;
		};
		8A5E02962A8D2DEC00F73CAD /* Build configuration list for PBXNativeTarget "SwiftCastTests" */ = {
			isa = XCConfigurationList;
			buildConfigurations = (
				8A5E02972A8D2DEC00F73CAD /* Debug */,
				8A5E02982A8D2DEC00F73CAD /* Release */,
			);
			defaultConfigurationIsVisible = 0;
			defaultConfigurationName = Release;
		};
		8A5E02992A8D2DEC00F73CAD /* Build configuration list for PBXNativeTarget "SwiftCastUITests" */ = {
			isa = XCConfigurationList;
			buildConfigurations = (
				8A5E029A2A8D2DEC00F73CAD /* Debug */,
				8A5E029B2A8D2DEC00F73CAD /* Release */,
			);
			defaultConfigurationIsVisible = 0;
			defaultConfigurationName = Release;
		};
/* End XCConfigurationList section */
	};
	rootObject = 8A5E02662A8D2DEC00F73CAD /* Project object */;
}
