// !$*UTF8*$!
{
	archiveVersion = 1;
	classes = {
	};
	objectVersion = 56;
	objects = {

/* Begin PBXBuildFile section */
		8A1ADBB52DE9864100F17A16 /* CameraGameView.swift in Sources */ = {isa = PBXBuildFile; fileRef = 8A1ADBB42DE9864100F17A16 /* CameraGameView.swift */; };
		8A1ADBB92DE9C9C200F17A16 /* SoundEffectsManager.swift in Sources */ = {isa = PBXBuildFile; fileRef = 8A1ADBB82DE9C9C200F17A16 /* SoundEffectsManager.swift */; };
		8A1ADBBB2DE9CF9D00F17A16 /* CameraGameViewModel.swift in Sources */ = {isa = PBXBuildFile; fileRef = 8A1ADBBA2DE9CF9D00F17A16 /* CameraGameViewModel.swift */; };
		8A5E02CD2A8D2E0400F73CAD /* EllieGame.swift in Sources */ = {isa = PBXBuildFile; fileRef = 8A5E029D2A8D2E0300F73CAD /* EllieGame.swift */; };
		8A5E02CE2A8D2E0400F73CAD /* StatusBarController.swift in Sources */ = {isa = PBXBuildFile; fileRef = 8A5E029E2A8D2E0300F73CAD /* StatusBarController.swift */; };
		8A5E02D02A8D2E0400F73CAD /* Assets.xcassets in Resources */ = {isa = PBXBuildFile; fileRef = 8A5E02A12A8D2E0400F73CAD /* Assets.xcassets */; };
		8A5E02D22A8D2E0400F73CAD /* AppManager.swift in Sources */ = {isa = PBXBuildFile; fileRef = 8A5E02A42A8D2E0400F73CAD /* AppManager.swift */; };
		8A5E02D42A8D2E0400F73CAD /* CameraRecordManager.swift in Sources */ = {isa = PBXBuildFile; fileRef = 8A5E02A62A8D2E0400F73CAD /* CameraRecordManager.swift */; };
		8A5E02E32A8D2E0400F73CAD /* FloatingViewModifier.swift in Sources */ = {isa = PBXBuildFile; fileRef = 8A5E02C12A8D2E0400F73CAD /* FloatingViewModifier.swift */; };
		8A5E02E42A8D2E0400F73CAD /* MaterialViewModifier.swift in Sources */ = {isa = PBXBuildFile; fileRef = 8A5E02C22A8D2E0400F73CAD /* MaterialViewModifier.swift */; };
		8A5E02E52A8D2E0400F73CAD /* LoadingViewModifier.swift in Sources */ = {isa = PBXBuildFile; fileRef = 8A5E02C32A8D2E0400F73CAD /* LoadingViewModifier.swift */; };
		8A5E02E82A8D2E0400F73CAD /* Int.swift in Sources */ = {isa = PBXBuildFile; fileRef = 8A5E02C92A8D2E0400F73CAD /* Int.swift */; };
		8AE6B3A12A8D3105007E4B29 /* Error.swift in Sources */ = {isa = PBXBuildFile; fileRef = 8AE6B3A02A8D3105007E4B29 /* Error.swift */; };
/* End PBXBuildFile section */

/* Begin PBXFileReference section */
		8A1ADBB42DE9864100F17A16 /* CameraGameView.swift */ = {isa = PBXFileReference; lastKnownFileType = sourcecode.swift; path = CameraGameView.swift; sourceTree = "<group>"; };
		8A1ADBB82DE9C9C200F17A16 /* SoundEffectsManager.swift */ = {isa = PBXFileReference; lastKnownFileType = sourcecode.swift; path = SoundEffectsManager.swift; sourceTree = "<group>"; };
		8A1ADBBA2DE9CF9D00F17A16 /* CameraGameViewModel.swift */ = {isa = PBXFileReference; lastKnownFileType = sourcecode.swift; path = CameraGameViewModel.swift; sourceTree = "<group>"; };
		8A5E026E2A8D2DEC00F73CAD /* EllieGame.app */ = {isa = PBXFileReference; explicitFileType = wrapper.application; includeInIndex = 0; path = EllieGame.app; sourceTree = BUILT_PRODUCTS_DIR; };
		8A5E029D2A8D2E0300F73CAD /* EllieGame.swift */ = {isa = PBXFileReference; fileEncoding = 4; lastKnownFileType = sourcecode.swift; path = EllieGame.swift; sourceTree = "<group>"; };
		8A5E029E2A8D2E0300F73CAD /* StatusBarController.swift */ = {isa = PBXFileReference; fileEncoding = 4; lastKnownFileType = sourcecode.swift; path = StatusBarController.swift; sourceTree = "<group>"; };
		8A5E02A12A8D2E0400F73CAD /* Assets.xcassets */ = {isa = PBXFileReference; lastKnownFileType = folder.assetcatalog; path = Assets.xcassets; sourceTree = "<group>"; };
		8A5E02A42A8D2E0400F73CAD /* AppManager.swift */ = {isa = PBXFileReference; fileEncoding = 4; lastKnownFileType = sourcecode.swift; path = AppManager.swift; sourceTree = "<group>"; };
		8A5E02A62A8D2E0400F73CAD /* CameraRecordManager.swift */ = {isa = PBXFileReference; fileEncoding = 4; lastKnownFileType = sourcecode.swift; path = CameraRecordManager.swift; sourceTree = "<group>"; };
		8A5E02C12A8D2E0400F73CAD /* FloatingViewModifier.swift */ = {isa = PBXFileReference; fileEncoding = 4; lastKnownFileType = sourcecode.swift; path = FloatingViewModifier.swift; sourceTree = "<group>"; };
		8A5E02C22A8D2E0400F73CAD /* MaterialViewModifier.swift */ = {isa = PBXFileReference; fileEncoding = 4; lastKnownFileType = sourcecode.swift; path = MaterialViewModifier.swift; sourceTree = "<group>"; };
		8A5E02C32A8D2E0400F73CAD /* LoadingViewModifier.swift */ = {isa = PBXFileReference; fileEncoding = 4; lastKnownFileType = sourcecode.swift; path = LoadingViewModifier.swift; sourceTree = "<group>"; };
		8A5E02C92A8D2E0400F73CAD /* Int.swift */ = {isa = PBXFileReference; fileEncoding = 4; lastKnownFileType = sourcecode.swift; path = Int.swift; sourceTree = "<group>"; };
		8AE6B3A02A8D3105007E4B29 /* Error.swift */ = {isa = PBXFileReference; lastKnownFileType = sourcecode.swift; path = Error.swift; sourceTree = "<group>"; };
/* End PBXFileReference section */

/* Begin PBXFrameworksBuildPhase section */
		8A5E026B2A8D2DEC00F73CAD /* Frameworks */ = {
			isa = PBXFrameworksBuildPhase;
			buildActionMask = 2147483647;
			files = (
			);
			runOnlyForDeploymentPostprocessing = 0;
		};
/* End PBXFrameworksBuildPhase section */

/* Begin PBXGroup section */
		8A5E02652A8D2DEC00F73CAD = {
			isa = PBXGroup;
			children = (
				8A5E02702A8D2DEC00F73CAD /* EllieGame */,
				8A5E026F2A8D2DEC00F73CAD /* Products */,
			);
			sourceTree = "<group>";
		};
		8A5E026F2A8D2DEC00F73CAD /* Products */ = {
			isa = PBXGroup;
			children = (
				8A5E026E2A8D2DEC00F73CAD /* EllieGame.app */,
			);
			name = Products;
			sourceTree = "<group>";
		};
		8A5E02702A8D2DEC00F73CAD /* EllieGame */ = {
			isa = PBXGroup;
			children = (
				8A5E029C2A8D2E0300F73CAD /* App */,
				8A5E02B82A8D2E0400F73CAD /* Components */,
				8A5E02C82A8D2E0400F73CAD /* Extensions */,
				8A5E02A32A8D2E0400F73CAD /* Managers */,
				8A5E02A02A8D2E0400F73CAD /* Resources */,
			);
			path = EllieGame;
			sourceTree = "<group>";
		};
		8A5E029C2A8D2E0300F73CAD /* App */ = {
			isa = PBXGroup;
			children = (
				8A5E029D2A8D2E0300F73CAD /* EllieGame.swift */,
				8A5E029E2A8D2E0300F73CAD /* StatusBarController.swift */,
			);
			path = App;
			sourceTree = "<group>";
		};
		8A5E02A02A8D2E0400F73CAD /* Resources */ = {
			isa = PBXGroup;
			children = (
				8A5E02A12A8D2E0400F73CAD /* Assets.xcassets */,
			);
			path = Resources;
			sourceTree = "<group>";
		};
		8A5E02A32A8D2E0400F73CAD /* Managers */ = {
			isa = PBXGroup;
			children = (
				8A5E02A42A8D2E0400F73CAD /* AppManager.swift */,
				8A5E02A62A8D2E0400F73CAD /* CameraRecordManager.swift */,
				8A1ADBB82DE9C9C200F17A16 /* SoundEffectsManager.swift */,
			);
			path = Managers;
			sourceTree = "<group>";
		};
		8A5E02B82A8D2E0400F73CAD /* Components */ = {
			isa = PBXGroup;
			children = (
				8A5E02B92A8D2E0400F73CAD /* Views */,
				8A5E02C02A8D2E0400F73CAD /* ViewModifiers */,
			);
			path = Components;
			sourceTree = "<group>";
		};
		8A5E02B92A8D2E0400F73CAD /* Views */ = {
			isa = PBXGroup;
			children = (
				8A1ADBB42DE9864100F17A16 /* CameraGameView.swift */,
				8A1ADBBA2DE9CF9D00F17A16 /* CameraGameViewModel.swift */,
			);
			path = Views;
			sourceTree = "<group>";
		};
		8A5E02C02A8D2E0400F73CAD /* ViewModifiers */ = {
			isa = PBXGroup;
			children = (
				8A5E02C12A8D2E0400F73CAD /* FloatingViewModifier.swift */,
				8A5E02C22A8D2E0400F73CAD /* MaterialViewModifier.swift */,
				8A5E02C32A8D2E0400F73CAD /* LoadingViewModifier.swift */,
			);
			path = ViewModifiers;
			sourceTree = "<group>";
		};
		8A5E02C82A8D2E0400F73CAD /* Extensions */ = {
			isa = PBXGroup;
			children = (
				8A5E02C92A8D2E0400F73CAD /* Int.swift */,
				8AE6B3A02A8D3105007E4B29 /* Error.swift */,
			);
			path = Extensions;
			sourceTree = "<group>";
		};
/* End PBXGroup section */

/* Begin PBXNativeTarget section */
		8A5E026D2A8D2DEC00F73CAD /* EllieGame */ = {
			isa = PBXNativeTarget;
			buildConfigurationList = 8A5E02932A8D2DEC00F73CAD /* Build configuration list for PBXNativeTarget "EllieGame" */;
			buildPhases = (
				8A5E026A2A8D2DEC00F73CAD /* Sources */,
				8A5E026B2A8D2DEC00F73CAD /* Frameworks */,
				8A5E026C2A8D2DEC00F73CAD /* Resources */,
			);
			buildRules = (
			);
			dependencies = (
			);
			name = EllieGame;
			productName = SwiftCast;
			productReference = 8A5E026E2A8D2DEC00F73CAD /* EllieGame.app */;
			productType = "com.apple.product-type.application";
		};
/* End PBXNativeTarget section */

/* Begin PBXProject section */
		8A5E02662A8D2DEC00F73CAD /* Project object */ = {
			isa = PBXProject;
			attributes = {
				BuildIndependentTargetsInParallel = 1;
				LastSwiftUpdateCheck = 1430;
				LastUpgradeCheck = 1630;
				TargetAttributes = {
					8A5E026D2A8D2DEC00F73CAD = {
						CreatedOnToolsVersion = 14.3.1;
					};
				};
			};
			buildConfigurationList = 8A5E02692A8D2DEC00F73CAD /* Build configuration list for PBXProject "EllieGame" */;
			compatibilityVersion = "Xcode 14.0";
			developmentRegion = en;
			hasScannedForEncodings = 0;
			knownRegions = (
				en,
				Base,
			);
			mainGroup = 8A5E02652A8D2DEC00F73CAD;
			productRefGroup = 8A5E026F2A8D2DEC00F73CAD /* Products */;
			projectDirPath = "";
			projectRoot = "";
			targets = (
				8A5E026D2A8D2DEC00F73CAD /* EllieGame */,
			);
		};
/* End PBXProject section */

/* Begin PBXResourcesBuildPhase section */
		8A5E026C2A8D2DEC00F73CAD /* Resources */ = {
			isa = PBXResourcesBuildPhase;
			buildActionMask = 2147483647;
			files = (
				8A5E02D02A8D2E0400F73CAD /* Assets.xcassets in Resources */,
			);
			runOnlyForDeploymentPostprocessing = 0;
		};
/* End PBXResourcesBuildPhase section */

/* Begin PBXSourcesBuildPhase section */
		8A5E026A2A8D2DEC00F73CAD /* Sources */ = {
			isa = PBXSourcesBuildPhase;
			buildActionMask = 2147483647;
			files = (
				8A5E02E82A8D2E0400F73CAD /* Int.swift in Sources */,
				8A1ADBB52DE9864100F17A16 /* CameraGameView.swift in Sources */,
				8A1ADBB92DE9C9C200F17A16 /* SoundEffectsManager.swift in Sources */,
				8A5E02E42A8D2E0400F73CAD /* MaterialViewModifier.swift in Sources */,
				8A5E02E52A8D2E0400F73CAD /* LoadingViewModifier.swift in Sources */,
				8A5E02D42A8D2E0400F73CAD /* CameraRecordManager.swift in Sources */,
				8A5E02CD2A8D2E0400F73CAD /* EllieGame.swift in Sources */,
				8AE6B3A12A8D3105007E4B29 /* Error.swift in Sources */,
				8A5E02CE2A8D2E0400F73CAD /* StatusBarController.swift in Sources */,
				8A5E02E32A8D2E0400F73CAD /* FloatingViewModifier.swift in Sources */,
				8A5E02D22A8D2E0400F73CAD /* AppManager.swift in Sources */,
				8A1ADBBB2DE9CF9D00F17A16 /* CameraGameViewModel.swift in Sources */,
			);
			runOnlyForDeploymentPostprocessing = 0;
		};
/* End PBXSourcesBuildPhase section */

/* Begin XCBuildConfiguration section */
		8A5E02912A8D2DEC00F73CAD /* Debug */ = {
			isa = XCBuildConfiguration;
			buildSettings = {
				ALWAYS_SEARCH_USER_PATHS = NO;
				CLANG_ANALYZER_NONNULL = YES;
				CLANG_ANALYZER_NUMBER_OBJECT_CONVERSION = YES_AGGRESSIVE;
				CLANG_CXX_LANGUAGE_STANDARD = "gnu++20";
				CLANG_ENABLE_MODULES = YES;
				CLANG_ENABLE_OBJC_ARC = YES;
				CLANG_ENABLE_OBJC_WEAK = YES;
				CLANG_WARN_BLOCK_CAPTURE_AUTORELEASING = YES;
				CLANG_WARN_BOOL_CONVERSION = YES;
				CLANG_WARN_COMMA = YES;
				CLANG_WARN_CONSTANT_CONVERSION = YES;
				CLANG_WARN_DEPRECATED_OBJC_IMPLEMENTATIONS = YES;
				CLANG_WARN_DIRECT_OBJC_ISA_USAGE = YES_ERROR;
				CLANG_WARN_DOCUMENTATION_COMMENTS = YES;
				CLANG_WARN_EMPTY_BODY = YES;
				CLANG_WARN_ENUM_CONVERSION = YES;
				CLANG_WARN_INFINITE_RECURSION = YES;
				CLANG_WARN_INT_CONVERSION = YES;
				CLANG_WARN_NON_LITERAL_NULL_CONVERSION = YES;
				CLANG_WARN_OBJC_IMPLICIT_RETAIN_SELF = YES;
				CLANG_WARN_OBJC_LITERAL_CONVERSION = YES;
				CLANG_WARN_OBJC_ROOT_CLASS = YES_ERROR;
				CLANG_WARN_QUOTED_INCLUDE_IN_FRAMEWORK_HEADER = YES;
				CLANG_WARN_RANGE_LOOP_ANALYSIS = YES;
				CLANG_WARN_STRICT_PROTOTYPES = YES;
				CLANG_WARN_SUSPICIOUS_MOVE = YES;
				CLANG_WARN_UNGUARDED_AVAILABILITY = YES_AGGRESSIVE;
				CLANG_WARN_UNREACHABLE_CODE = YES;
				CLANG_WARN__DUPLICATE_METHOD_MATCH = YES;
				COPY_PHASE_STRIP = NO;
				DEAD_CODE_STRIPPING = YES;
				DEBUG_INFORMATION_FORMAT = dwarf;
				DEVELOPMENT_TEAM = N5B9GF7SPN;
				ENABLE_STRICT_OBJC_MSGSEND = YES;
				ENABLE_TESTABILITY = YES;
				ENABLE_USER_SCRIPT_SANDBOXING = YES;
				GCC_C_LANGUAGE_STANDARD = gnu11;
				GCC_DYNAMIC_NO_PIC = NO;
				GCC_NO_COMMON_BLOCKS = YES;
				GCC_OPTIMIZATION_LEVEL = 0;
				GCC_PREPROCESSOR_DEFINITIONS = (
					"DEBUG=1",
					"$(inherited)",
				);
				GCC_WARN_64_TO_32_BIT_CONVERSION = YES;
				GCC_WARN_ABOUT_RETURN_TYPE = YES_ERROR;
				GCC_WARN_UNDECLARED_SELECTOR = YES;
				GCC_WARN_UNINITIALIZED_AUTOS = YES_AGGRESSIVE;
				GCC_WARN_UNUSED_FUNCTION = YES;
				GCC_WARN_UNUSED_VARIABLE = YES;
				MACOSX_DEPLOYMENT_TARGET = 13.3;
				MTL_ENABLE_DEBUG_INFO = INCLUDE_SOURCE;
				MTL_FAST_MATH = YES;
				ONLY_ACTIVE_ARCH = YES;
				SDKROOT = macosx;
				SWIFT_ACTIVE_COMPILATION_CONDITIONS = DEBUG;
				SWIFT_OPTIMIZATION_LEVEL = "-Onone";
			};
			name = Debug;
		};
		8A5E02922A8D2DEC00F73CAD /* Release */ = {
			isa = XCBuildConfiguration;
			buildSettings = {
				ALWAYS_SEARCH_USER_PATHS = NO;
				CLANG_ANALYZER_NONNULL = YES;
				CLANG_ANALYZER_NUMBER_OBJECT_CONVERSION = YES_AGGRESSIVE;
				CLANG_CXX_LANGUAGE_STANDARD = "gnu++20";
				CLANG_ENABLE_MODULES = YES;
				CLANG_ENABLE_OBJC_ARC = YES;
				CLANG_ENABLE_OBJC_WEAK = YES;
				CLANG_WARN_BLOCK_CAPTURE_AUTORELEASING = YES;
				CLANG_WARN_BOOL_CONVERSION = YES;
				CLANG_WARN_COMMA = YES;
				CLANG_WARN_CONSTANT_CONVERSION = YES;
				CLANG_WARN_DEPRECATED_OBJC_IMPLEMENTATIONS = YES;
				CLANG_WARN_DIRECT_OBJC_ISA_USAGE = YES_ERROR;
				CLANG_WARN_DOCUMENTATION_COMMENTS = YES;
				CLANG_WARN_EMPTY_BODY = YES;
				CLANG_WARN_ENUM_CONVERSION = YES;
				CLANG_WARN_INFINITE_RECURSION = YES;
				CLANG_WARN_INT_CONVERSION = YES;
				CLANG_WARN_NON_LITERAL_NULL_CONVERSION = YES;
				CLANG_WARN_OBJC_IMPLICIT_RETAIN_SELF = YES;
				CLANG_WARN_OBJC_LITERAL_CONVERSION = YES;
				CLANG_WARN_OBJC_ROOT_CLASS = YES_ERROR;
				CLANG_WARN_QUOTED_INCLUDE_IN_FRAMEWORK_HEADER = YES;
				CLANG_WARN_RANGE_LOOP_ANALYSIS = YES;
				CLANG_WARN_STRICT_PROTOTYPES = YES;
				CLANG_WARN_SUSPICIOUS_MOVE = YES;
				CLANG_WARN_UNGUARDED_AVAILABILITY = YES_AGGRESSIVE;
				CLANG_WARN_UNREACHABLE_CODE = YES;
				CLANG_WARN__DUPLICATE_METHOD_MATCH = YES;
				COPY_PHASE_STRIP = NO;
				DEAD_CODE_STRIPPING = YES;
				DEBUG_INFORMATION_FORMAT = "dwarf-with-dsym";
				DEVELOPMENT_TEAM = N5B9GF7SPN;
				ENABLE_NS_ASSERTIONS = NO;
				ENABLE_STRICT_OBJC_MSGSEND = YES;
				ENABLE_USER_SCRIPT_SANDBOXING = YES;
				GCC_C_LANGUAGE_STANDARD = gnu11;
				GCC_NO_COMMON_BLOCKS = YES;
				GCC_WARN_64_TO_32_BIT_CONVERSION = YES;
				GCC_WARN_ABOUT_RETURN_TYPE = YES_ERROR;
				GCC_WARN_UNDECLARED_SELECTOR = YES;
				GCC_WARN_UNINITIALIZED_AUTOS = YES_AGGRESSIVE;
				GCC_WARN_UNUSED_FUNCTION = YES;
				GCC_WARN_UNUSED_VARIABLE = YES;
				MACOSX_DEPLOYMENT_TARGET = 13.3;
				MTL_ENABLE_DEBUG_INFO = NO;
				MTL_FAST_MATH = YES;
				SDKROOT = macosx;
				SWIFT_COMPILATION_MODE = wholemodule;
				SWIFT_OPTIMIZATION_LEVEL = "-O";
			};
			name = Release;
		};
		8A5E02942A8D2DEC00F73CAD /* Debug */ = {
			isa = XCBuildConfiguration;
			buildSettings = {
				ASSETCATALOG_COMPILER_APPICON_NAME = AppIcon;
				ASSETCATALOG_COMPILER_GLOBAL_ACCENT_COLOR_NAME = AccentColor;
				CODE_SIGN_ENTITLEMENTS = EllieGame/EllieGame.entitlements;
				CODE_SIGN_STYLE = Automatic;
				COMBINE_HIDPI_IMAGES = YES;
				CURRENT_PROJECT_VERSION = 1;
				DEAD_CODE_STRIPPING = YES;
				DEVELOPMENT_ASSET_PATHS = "";
				ENABLE_HARDENED_RUNTIME = YES;
				ENABLE_PREVIEWS = YES;
				GENERATE_INFOPLIST_FILE = YES;
				INFOPLIST_KEY_NSCameraUsageDescription = "Swift Cast would like access for the camera";
				INFOPLIST_KEY_NSHumanReadableCopyright = "";
				INFOPLIST_KEY_NSMicrophoneUsageDescription = "Swift Cast would like to access the microphone";
				LD_RUNPATH_SEARCH_PATHS = (
					"$(inherited)",
					"@executable_path/../Frameworks",
				);
				MARKETING_VERSION = 1.0;
				PRODUCT_BUNDLE_IDENTIFIER = com.vncsnts.swiftCast;
				PRODUCT_NAME = "$(TARGET_NAME)";
				SWIFT_EMIT_LOC_STRINGS = YES;
				SWIFT_VERSION = 5.0;
			};
			name = Debug;
		};
		8A5E02952A8D2DEC00F73CAD /* Release */ = {
			isa = XCBuildConfiguration;
			buildSettings = {
				ASSETCATALOG_COMPILER_APPICON_NAME = AppIcon;
				ASSETCATALOG_COMPILER_GLOBAL_ACCENT_COLOR_NAME = AccentColor;
				CODE_SIGN_ENTITLEMENTS = EllieGame/EllieGame.entitlements;
				CODE_SIGN_STYLE = Automatic;
				COMBINE_HIDPI_IMAGES = YES;
				CURRENT_PROJECT_VERSION = 1;
				DEAD_CODE_STRIPPING = YES;
				DEVELOPMENT_ASSET_PATHS = "";
				ENABLE_HARDENED_RUNTIME = YES;
				ENABLE_PREVIEWS = YES;
				GENERATE_INFOPLIST_FILE = YES;
				INFOPLIST_KEY_NSCameraUsageDescription = "Swift Cast would like access for the camera";
				INFOPLIST_KEY_NSHumanReadableCopyright = "";
				INFOPLIST_KEY_NSMicrophoneUsageDescription = "Swift Cast would like to access the microphone";
				LD_RUNPATH_SEARCH_PATHS = (
					"$(inherited)",
					"@executable_path/../Frameworks",
				);
				MARKETING_VERSION = 1.0;
				PRODUCT_BUNDLE_IDENTIFIER = com.vncsnts.swiftCast;
				PRODUCT_NAME = "$(TARGET_NAME)";
				SWIFT_EMIT_LOC_STRINGS = YES;
				SWIFT_VERSION = 5.0;
			};
			name = Release;
		};
/* End XCBuildConfiguration section */

/* Begin XCConfigurationList section */
		8A5E02692A8D2DEC00F73CAD /* Build configuration list for PBXProject "EllieGame" */ = {
			isa = XCConfigurationList;
			buildConfigurations = (
				8A5E02912A8D2DEC00F73CAD /* Debug */,
				8A5E02922A8D2DEC00F73CAD /* Release */,
			);
			defaultConfigurationIsVisible = 0;
			defaultConfigurationName = Release;
		};
		8A5E02932A8D2DEC00F73CAD /* Build configuration list for PBXNativeTarget "EllieGame" */ = {
			isa = XCConfigurationList;
			buildConfigurations = (
				8A5E02942A8D2DEC00F73CAD /* Debug */,
				8A5E02952A8D2DEC00F73CAD /* Release */,
			);
			defaultConfigurationIsVisible = 0;
			defaultConfigurationName = Release;
		};
/* End XCConfigurationList section */
	};
	rootObject = 8A5E02662A8D2DEC00F73CAD /* Project object */;
}
